
Microsoft Visual Studio Solution File, Format Version 12.00
# Visual Studio Version 17
VisualStudioVersion = 17.12.35209.166
MinimumVisualStudioVersion = 10.0.40219.1
Project("{FAE04EC0-301F-11D3-BF4B-00C04F79EFBC}") = "WpfBugTest", "WpfBugTest.csproj", "{0D0724D3-4776-437B-AE43-F665A66BC949}"
EndProject
Global
	GlobalSection(SolutionConfigurationPlatforms) = preSolution
		Debug|Any CPU = Debug|Any CPU
		Release|Any CPU = Release|Any CPU
	EndGlobalSection
	GlobalSection(ProjectConfigurationPlatforms) = postSolution
		{0D0724D3-4776-437B-AE43-F665A66BC949}.Debug|Any CPU.ActiveCfg = Debug|Any CPU
		{0D0724D3-4776-437B-AE43-F665A66BC949}.Debug|Any CPU.Build.0 = Debug|Any CPU
		{0D0724D3-4776-437B-AE43-F665A66BC949}.Release|Any CPU.ActiveCfg = Release|Any CPU
		{0D0724D3-4776-437B-AE43-F665A66BC949}.Release|Any CPU.Build.0 = Release|Any CPU
	EndGlobalSection
	GlobalSection(SolutionProperties) = preSolution
		HideSolutionNode = FALSE
	EndGlobalSection
	GlobalSection(ExtensibilityGlobals) = postSolution
		SolutionGuid = {8BD6EBC6-CECC-4F60-AF53-8BFB8006B8E4}
	EndGlobalSection
EndGlobal
